
Microsoft Visual Studio Solution File, Format Version 12.00
# Visual Studio Version 17
VisualStudioVersion = 17.8.34309.116
MinimumVisualStudioVersion = 10.0.40219.1
Project("{9A19103F-16F7-4668-BE54-9A1E7A4F7556}") = "MongoEmployerDB", "MongoEmployerDB\MongoEmployerDB.csproj", "{85C266B9-A959-455D-8863-D6A1087388A8}"
EndProject
Project("{9A19103F-16F7-4668-BE54-9A1E7A4F7556}") = "DataAccessLibrary", "DataAccessLibrary\DataAccessLibrary.csproj", "{33795E83-1D4A-4660-A660-14AD8F0077E1}"
EndProject
Project("{FAE04EC0-301F-11D3-BF4B-00C04F79EFBC}") = "CosmosDBUI", "CosmosDBUI\CosmosDBUI.csproj", "{BCAC7F79-768D-4A0A-A006-C998EB5ACF8E}"
EndProject
Global
	GlobalSection(SolutionConfigurationPlatforms) = preSolution
		Debug|Any CPU = Debug|Any CPU
		Release|Any CPU = Release|Any CPU
	EndGlobalSection
	GlobalSection(ProjectConfigurationPlatforms) = postSolution
		{85C266B9-A959-455D-8863-D6A1087388A8}.Debug|Any CPU.ActiveCfg = Debug|Any CPU
		{85C266B9-A959-455D-8863-D6A1087388A8}.Debug|Any CPU.Build.0 = Debug|Any CPU
		{85C266B9-A959-455D-8863-D6A1087388A8}.Release|Any CPU.ActiveCfg = Release|Any CPU
		{85C266B9-A959-455D-8863-D6A1087388A8}.Release|Any CPU.Build.0 = Release|Any CPU
		{33795E83-1D4A-4660-A660-14AD8F0077E1}.Debug|Any CPU.ActiveCfg = Debug|Any CPU
		{33795E83-1D4A-4660-A660-14AD8F0077E1}.Debug|Any CPU.Build.0 = Debug|Any CPU
		{33795E83-1D4A-4660-A660-14AD8F0077E1}.Release|Any CPU.ActiveCfg = Release|Any CPU
		{33795E83-1D4A-4660-A660-14AD8F0077E1}.Release|Any CPU.Build.0 = Release|Any CPU
		{BCAC7F79-768D-4A0A-A006-C998EB5ACF8E}.Debug|Any CPU.ActiveCfg = Debug|Any CPU
		{BCAC7F79-768D-4A0A-A006-C998EB5ACF8E}.Debug|Any CPU.Build.0 = Debug|Any CPU
		{BCAC7F79-768D-4A0A-A006-C998EB5ACF8E}.Release|Any CPU.ActiveCfg = Release|Any CPU
		{BCAC7F79-768D-4A0A-A006-C998EB5ACF8E}.Release|Any CPU.Build.0 = Release|Any CPU
	EndGlobalSection
	GlobalSection(SolutionProperties) = preSolution
		HideSolutionNode = FALSE
	EndGlobalSection
	GlobalSection(ExtensibilityGlobals) = postSolution
		SolutionGuid = {3C06F58D-3D18-4090-A1FE-B02E65117280}
	EndGlobalSection
EndGlobal
